Microsoft Visual Studio Solution File, Format Version 7.00
Project("{FAE04EC0-301F-11D3-BF4B-00C04F79EFBC}") = "ProxyGenSample", "ProxyGenSample.csproj", "{35FDDBF5-7A9C-44D8-BF7C-727F11D18866}"
EndProject
Global
	GlobalSection(SolutionConfiguration) = preSolution
		ConfigName.0 = Debug
		ConfigName.1 = Release
	EndGlobalSection
	GlobalSection(ProjectDependencies) = postSolution
	EndGlobalSection
	GlobalSection(ProjectConfiguration) = postSolution
		{35FDDBF5-7A9C-44D8-BF7C-727F11D18866}.Debug.ActiveCfg = Debug|.NET
		{35FDDBF5-7A9C-44D8-BF7C-727F11D18866}.Debug.Build.0 = Debug|.NET
		{35FDDBF5-7A9C-44D8-BF7C-727F11D18866}.Release.ActiveCfg = Release|.NET
		{35FDDBF5-7A9C-44D8-BF7C-727F11D18866}.Release.Build.0 = Release|.NET
	EndGlobalSection
	GlobalSection(ExtensibilityGlobals) = postSolution
	EndGlobalSection
	GlobalSection(ExtensibilityAddIns) = postSolution
	EndGlobalSection
EndGlobal
