Microsoft Visual Studio Solution File, Format Version 7.00
Project("{FAE04EC0-301F-11D3-BF4B-00C04F79EFBC}") = "PSL.TotalRecall", "PSL.TotalRecall.csproj", "{D0AD373A-6C52-4815-85C2-6EDE8D83AA9A}"
EndProject
Global
	GlobalSection(SolutionConfiguration) = preSolution
		ConfigName.0 = Debug
		ConfigName.1 = Release
	EndGlobalSection
	GlobalSection(ProjectDependencies) = postSolution
	EndGlobalSection
	GlobalSection(ProjectConfiguration) = postSolution
		{D0AD373A-6C52-4815-85C2-6EDE8D83AA9A}.Debug.ActiveCfg = Debug|.NET
		{D0AD373A-6C52-4815-85C2-6EDE8D83AA9A}.Debug.Build.0 = Debug|.NET
		{D0AD373A-6C52-4815-85C2-6EDE8D83AA9A}.Release.ActiveCfg = Release|.NET
		{D0AD373A-6C52-4815-85C2-6EDE8D83AA9A}.Release.Build.0 = Release|.NET
	EndGlobalSection
	GlobalSection(ExtensibilityGlobals) = postSolution
	EndGlobalSection
	GlobalSection(ExtensibilityAddIns) = postSolution
	EndGlobalSection
EndGlobal
