Microsoft Visual Studio Solution File, Format Version 7.00
Project("{FAE04EC0-301F-11D3-BF4B-00C04F79EFBC}") = "WindowsApplication1", "WindowsApplication1.csproj", "{3860201B-6D5C-4D7A-8E3C-8B7D4BAC5C52}"
EndProject
Global
	GlobalSection(SolutionConfiguration) = preSolution
		ConfigName.0 = Debug
		ConfigName.1 = Release
	EndGlobalSection
	GlobalSection(ProjectDependencies) = postSolution
	EndGlobalSection
	GlobalSection(ProjectConfiguration) = postSolution
		{3860201B-6D5C-4D7A-8E3C-8B7D4BAC5C52}.Debug.ActiveCfg = Debug|.NET
		{3860201B-6D5C-4D7A-8E3C-8B7D4BAC5C52}.Debug.Build.0 = Debug|.NET
		{3860201B-6D5C-4D7A-8E3C-8B7D4BAC5C52}.Release.ActiveCfg = Release|.NET
		{3860201B-6D5C-4D7A-8E3C-8B7D4BAC5C52}.Release.Build.0 = Release|.NET
	EndGlobalSection
	GlobalSection(ExtensibilityGlobals) = postSolution
	EndGlobalSection
	GlobalSection(ExtensibilityAddIns) = postSolution
	EndGlobalSection
EndGlobal
