Microsoft Visual Studio Solution File, Format Version 7.00
Project("{FAE04EC0-301F-11D3-BF4B-00C04F79EFBC}") = "PSL.Web.Services", "PSL.Web.Services.csproj", "{0CE60F30-23B6-40FE-BE4B-E9D5DDD30BCF}"
EndProject
Global
	GlobalSection(SolutionConfiguration) = preSolution
		ConfigName.0 = Debug
		ConfigName.1 = Release
	EndGlobalSection
	GlobalSection(ProjectDependencies) = postSolution
	EndGlobalSection
	GlobalSection(ProjectConfiguration) = postSolution
		{0CE60F30-23B6-40FE-BE4B-E9D5DDD30BCF}.Debug.ActiveCfg = Debug|.NET
		{0CE60F30-23B6-40FE-BE4B-E9D5DDD30BCF}.Debug.Build.0 = Debug|.NET
		{0CE60F30-23B6-40FE-BE4B-E9D5DDD30BCF}.Release.ActiveCfg = Release|.NET
		{0CE60F30-23B6-40FE-BE4B-E9D5DDD30BCF}.Release.Build.0 = Release|.NET
	EndGlobalSection
	GlobalSection(ExtensibilityGlobals) = postSolution
	EndGlobalSection
	GlobalSection(ExtensibilityAddIns) = postSolution
	EndGlobalSection
EndGlobal
